
Microsoft Visual Studio Solution File, Format Version 12.00
# Visual Studio 15
VisualStudioVersion = 15.0.28307.539
MinimumVisualStudioVersion = 10.0.40219.1
Project("{FAE04EC0-301F-11D3-BF4B-00C04F79EFBC}") = "UI_1", "UI_1\UI_1.csproj", "{FA97E85D-CFE9-478C-9C72-5F8288CF72C5}"
EndProject
Global
	GlobalSection(SolutionConfigurationPlatforms) = preSolution
		Debug|Any CPU = Debug|Any CPU
		Release|Any CPU = Release|Any CPU
	EndGlobalSection
	GlobalSection(ProjectConfigurationPlatforms) = postSolution
		{FA97E85D-CFE9-478C-9C72-5F8288CF72C5}.Debug|Any CPU.ActiveCfg = Debug|Any CPU
		{FA97E85D-CFE9-478C-9C72-5F8288CF72C5}.Debug|Any CPU.Build.0 = Debug|Any CPU
		{FA97E85D-CFE9-478C-9C72-5F8288CF72C5}.Release|Any CPU.ActiveCfg = Release|Any CPU
		{FA97E85D-CFE9-478C-9C72-5F8288CF72C5}.Release|Any CPU.Build.0 = Release|Any CPU
	EndGlobalSection
	GlobalSection(SolutionProperties) = preSolution
		HideSolutionNode = FALSE
	EndGlobalSection
	GlobalSection(ExtensibilityGlobals) = postSolution
		SolutionGuid = {1F682326-C089-44AA-8625-717D9B4F90DA}
	EndGlobalSection
EndGlobal
